
Microsoft Visual Studio Solution File, Format Version 12.00
# Visual Studio Version 16
VisualStudioVersion = 16.0.30907.101
MinimumVisualStudioVersion = 10.0.40219.1
Project("{FAE04EC0-301F-11D3-BF4B-00C04F79EFBC}") = "RazorPagesMovie", "RazorPagesMovie.csproj", "{800FCCC8-A7DE-40D2-A90C-745BF24B21F7}"
EndProject
Global
	GlobalSection(SolutionConfigurationPlatforms) = preSolution
		Debug|Any CPU = Debug|Any CPU
		Release|Any CPU = Release|Any CPU
	EndGlobalSection
	GlobalSection(ProjectConfigurationPlatforms) = postSolution
		{800FCCC8-A7DE-40D2-A90C-745BF24B21F7}.Debug|Any CPU.ActiveCfg = Debug|Any CPU
		{800FCCC8-A7DE-40D2-A90C-745BF24B21F7}.Debug|Any CPU.Build.0 = Debug|Any CPU
		{800FCCC8-A7DE-40D2-A90C-745BF24B21F7}.Release|Any CPU.ActiveCfg = Release|Any CPU
		{800FCCC8-A7DE-40D2-A90C-745BF24B21F7}.Release|Any CPU.Build.0 = Release|Any CPU
	EndGlobalSection
	GlobalSection(SolutionProperties) = preSolution
		HideSolutionNode = FALSE
	EndGlobalSection
	GlobalSection(ExtensibilityGlobals) = postSolution
		SolutionGuid = {B1255492-6CD4-4E93-AF20-9971AFE87FE7}
	EndGlobalSection
EndGlobal
